
Microsoft Visual Studio Solution File, Format Version 12.00
# Visual Studio Version 17
VisualStudioVersion = 17.0.31903.59
MinimumVisualStudioVersion = 10.0.40219.1
Project("{2150E333-8FDC-42A3-9474-1A3956D46DE8}") = "backend", "backend", "{A6D5D513-90B1-46C4-9FA2-A214FA0CE491}"
EndProject
Project("{FAE04EC0-301F-11D3-BF4B-00C04F79EFBC}") = "PhotoUpload", "backend\PhotoUpload\PhotoUpload.csproj", "{AB62DA95-74A8-4E5A-9FE5-5A47752F5869}"
EndProject
Global
	GlobalSection(SolutionConfigurationPlatforms) = preSolution
		Debug|Any CPU = Debug|Any CPU
		Release|Any CPU = Release|Any CPU
	EndGlobalSection
	GlobalSection(SolutionProperties) = preSolution
		HideSolutionNode = FALSE
	EndGlobalSection
	GlobalSection(ProjectConfigurationPlatforms) = postSolution
		{AB62DA95-74A8-4E5A-9FE5-5A47752F5869}.Debug|Any CPU.ActiveCfg = Debug|Any CPU
		{AB62DA95-74A8-4E5A-9FE5-5A47752F5869}.Debug|Any CPU.Build.0 = Debug|Any CPU
		{AB62DA95-74A8-4E5A-9FE5-5A47752F5869}.Release|Any CPU.ActiveCfg = Release|Any CPU
		{AB62DA95-74A8-4E5A-9FE5-5A47752F5869}.Release|Any CPU.Build.0 = Release|Any CPU
	EndGlobalSection
	GlobalSection(NestedProjects) = preSolution
		{AB62DA95-74A8-4E5A-9FE5-5A47752F5869} = {A6D5D513-90B1-46C4-9FA2-A214FA0CE491}
	EndGlobalSection
EndGlobal
